// !$*UTF8*$!
{
	archiveVersion = 1;
	classes = {
	};
	objectVersion = 46;
	objects = {

/* Begin PBXBuildFile section */
		91BB5964EB1F1426CE54E880 /* Pods_firstsecond.framework in Frameworks */ = {isa = PBXBuildFile; fileRef = C6C7ADAED02B2D48906D358E /* Pods_firstsecond.framework */; };
		C60061B51E341AA30073DD4D /* CircleImageView.swift in Sources */ = {isa = PBXBuildFile; fileRef = C60061B41E341AA30073DD4D /* CircleImageView.swift */; };
		C60061B71E3421BD0073DD4D /* ScoreLabel.swift in Sources */ = {isa = PBXBuildFile; fileRef = C60061B61E3421BD0073DD4D /* ScoreLabel.swift */; };
		C6453CAB1E23F1EA0074A130 /* AppDelegate.swift in Sources */ = {isa = PBXBuildFile; fileRef = C6453CAA1E23F1EA0074A130 /* AppDelegate.swift */; };
		C6453CB01E23F1EA0074A130 /* Main.storyboard in Resources */ = {isa = PBXBuildFile; fileRef = C6453CAE1E23F1EA0074A130 /* Main.storyboard */; };
		C6453CB21E23F1EA0074A130 /* Assets.xcassets in Resources */ = {isa = PBXBuildFile; fileRef = C6453CB11E23F1EA0074A130 /* Assets.xcassets */; };
		C6453CB51E23F1EA0074A130 /* LaunchScreen.storyboard in Resources */ = {isa = PBXBuildFile; fileRef = C6453CB31E23F1EA0074A130 /* LaunchScreen.storyboard */; };
		C6453CBD1E23F3D70074A130 /* GoogleService-Info.plist in Resources */ = {isa = PBXBuildFile; fileRef = C6453CBC1E23F3D70074A130 /* GoogleService-Info.plist */; };
		C6453CC51E23F8B90074A130 /* AuthService.swift in Sources */ = {isa = PBXBuildFile; fileRef = C6453CC31E23F8B90074A130 /* AuthService.swift */; };
		C6453CC61E23F8B90074A130 /* DataService.swift in Sources */ = {isa = PBXBuildFile; fileRef = C6453CC41E23F8B90074A130 /* DataService.swift */; };
		C6453CCA1E23F9540074A130 /* RoundTextField.swift in Sources */ = {isa = PBXBuildFile; fileRef = C6453CC71E23F9540074A130 /* RoundTextField.swift */; };
		C6453CCB1E23F9540074A130 /* RoundedButton.swift in Sources */ = {isa = PBXBuildFile; fileRef = C6453CC81E23F9540074A130 /* RoundedButton.swift */; };
		C6453CCC1E23F9540074A130 /* UserCell.swift in Sources */ = {isa = PBXBuildFile; fileRef = C6453CC91E23F9540074A130 /* UserCell.swift */; };
		C6453CCF1E23F9850074A130 /* LoginVC.swift in Sources */ = {isa = PBXBuildFile; fileRef = C6453CCD1E23F9850074A130 /* LoginVC.swift */; };
		C6453CD01E23F9850074A130 /* PostVC.swift in Sources */ = {isa = PBXBuildFile; fileRef = C6453CCE1E23F9850074A130 /* PostVC.swift */; };
		C6453CD21E23F9C40074A130 /* User.swift in Sources */ = {isa = PBXBuildFile; fileRef = C6453CD11E23F9C40074A130 /* User.swift */; };
		C6453CD51E23FAA70074A130 /* CameraViewController.swift in Sources */ = {isa = PBXBuildFile; fileRef = C6453CD31E23FAA70074A130 /* CameraViewController.swift */; };
		C6453CD61E23FAA70074A130 /* PhotoCaptureDelegate.swift in Sources */ = {isa = PBXBuildFile; fileRef = C6453CD41E23FAA70074A130 /* PhotoCaptureDelegate.swift */; };
		C6453CD81E23FAD50074A130 /* PreviewView.swift in Sources */ = {isa = PBXBuildFile; fileRef = C6453CD71E23FAD50074A130 /* PreviewView.swift */; };
		C6453CFC1E2847790074A130 /* SettingsVC.swift in Sources */ = {isa = PBXBuildFile; fileRef = C6453CFB1E2847790074A130 /* SettingsVC.swift */; };
		C6453CFE1E305CDD0074A130 /* Post.swift in Sources */ = {isa = PBXBuildFile; fileRef = C6453CFD1E305CDC0074A130 /* Post.swift */; };
		C6453D001E305D2B0074A130 /* Response.swift in Sources */ = {isa = PBXBuildFile; fileRef = C6453CFF1E305D2B0074A130 /* Response.swift */; };
		C6453D021E3288C80074A130 /* ScoringVC.swift in Sources */ = {isa = PBXBuildFile; fileRef = C6453D011E3288B90074A130 /* ScoringVC.swift */; };
		C6453D041E3296E90074A130 /* PostCell.swift in Sources */ = {isa = PBXBuildFile; fileRef = C6453D031E3296E90074A130 /* PostCell.swift */; };
/* End PBXBuildFile section */

/* Begin PBXFileReference section */
		1B041B0F8E22D042EEF7C334 /* Pods-firstsecond.debug.xcconfig */ = {isa = PBXFileReference; includeInIndex = 1; lastKnownFileType = text.xcconfig; name = "Pods-firstsecond.debug.xcconfig"; path = "Pods/Target Support Files/Pods-firstsecond/Pods-firstsecond.debug.xcconfig"; sourceTree = "<group>"; };
		349EA8284F7209956273D867 /* Pods-firstsecond.release.xcconfig */ = {isa = PBXFileReference; includeInIndex = 1; lastKnownFileType = text.xcconfig; name = "Pods-firstsecond.release.xcconfig"; path = "Pods/Target Support Files/Pods-firstsecond/Pods-firstsecond.release.xcconfig"; sourceTree = "<group>"; };
		C60061B41E341AA30073DD4D /* CircleImageView.swift */ = {isa = PBXFileReference; fileEncoding = 4; lastKnownFileType = sourcecode.swift; path = CircleImageView.swift; sourceTree = "<group>"; };
		C60061B61E3421BD0073DD4D /* ScoreLabel.swift */ = {isa = PBXFileReference; fileEncoding = 4; lastKnownFileType = sourcecode.swift; path = ScoreLabel.swift; sourceTree = "<group>"; };
		C6453CA71E23F1EA0074A130 /* firstsecond.app */ = {isa = PBXFileReference; explicitFileType = wrapper.application; includeInIndex = 0; path = firstsecond.app; sourceTree = BUILT_PRODUCTS_DIR; };
		C6453CAA1E23F1EA0074A130 /* AppDelegate.swift */ = {isa = PBXFileReference; lastKnownFileType = sourcecode.swift; path = AppDelegate.swift; sourceTree = "<group>"; };
		C6453CAF1E23F1EA0074A130 /* Base */ = {isa = PBXFileReference; lastKnownFileType = file.storyboard; name = Base; path = Base.lproj/Main.storyboard; sourceTree = "<group>"; };
		C6453CB11E23F1EA0074A130 /* Assets.xcassets */ = {isa = PBXFileReference; lastKnownFileType = folder.assetcatalog; path = Assets.xcassets; sourceTree = "<group>"; };
		C6453CB41E23F1EA0074A130 /* Base */ = {isa = PBXFileReference; lastKnownFileType = file.storyboard; name = Base; path = Base.lproj/LaunchScreen.storyboard; sourceTree = "<group>"; };
		C6453CB61E23F1EA0074A130 /* Info.plist */ = {isa = PBXFileReference; lastKnownFileType = text.plist.xml; path = Info.plist; sourceTree = "<group>"; };
		C6453CBC1E23F3D70074A130 /* GoogleService-Info.plist */ = {isa = PBXFileReference; fileEncoding = 4; lastKnownFileType = text.plist.xml; path = "GoogleService-Info.plist"; sourceTree = "<group>"; };
		C6453CC31E23F8B90074A130 /* AuthService.swift */ = {isa = PBXFileReference; fileEncoding = 4; lastKnownFileType = sourcecode.swift; path = AuthService.swift; sourceTree = "<group>"; };
		C6453CC41E23F8B90074A130 /* DataService.swift */ = {isa = PBXFileReference; fileEncoding = 4; lastKnownFileType = sourcecode.swift; path = DataService.swift; sourceTree = "<group>"; };
		C6453CC71E23F9540074A130 /* RoundTextField.swift */ = {isa = PBXFileReference; fileEncoding = 4; lastKnownFileType = sourcecode.swift; path = RoundTextField.swift; sourceTree = "<group>"; };
		C6453CC81E23F9540074A130 /* RoundedButton.swift */ = {isa = PBXFileReference; fileEncoding = 4; lastKnownFileType = sourcecode.swift; path = RoundedButton.swift; sourceTree = "<group>"; };
		C6453CC91E23F9540074A130 /* UserCell.swift */ = {isa = PBXFileReference; fileEncoding = 4; lastKnownFileType = sourcecode.swift; path = UserCell.swift; sourceTree = "<group>"; };
		C6453CCD1E23F9850074A130 /* LoginVC.swift */ = {isa = PBXFileReference; fileEncoding = 4; lastKnownFileType = sourcecode.swift; path = LoginVC.swift; sourceTree = "<group>"; };
		C6453CCE1E23F9850074A130 /* PostVC.swift */ = {isa = PBXFileReference; fileEncoding = 4; lastKnownFileType = sourcecode.swift; path = PostVC.swift; sourceTree = "<group>"; };
		C6453CD11E23F9C40074A130 /* User.swift */ = {isa = PBXFileReference; fileEncoding = 4; lastKnownFileType = sourcecode.swift; path = User.swift; sourceTree = "<group>"; };
		C6453CD31E23FAA70074A130 /* CameraViewController.swift */ = {isa = PBXFileReference; fileEncoding = 4; lastKnownFileType = sourcecode.swift; path = CameraViewController.swift; sourceTree = "<group>"; };
		C6453CD41E23FAA70074A130 /* PhotoCaptureDelegate.swift */ = {isa = PBXFileReference; fileEncoding = 4; lastKnownFileType = sourcecode.swift; path = PhotoCaptureDelegate.swift; sourceTree = "<group>"; };
		C6453CD71E23FAD50074A130 /* PreviewView.swift */ = {isa = PBXFileReference; fileEncoding = 4; lastKnownFileType = sourcecode.swift; path = PreviewView.swift; sourceTree = "<group>"; };
		C6453CFB1E2847790074A130 /* SettingsVC.swift */ = {isa = PBXFileReference; fileEncoding = 4; lastKnownFileType = sourcecode.swift; path = SettingsVC.swift; sourceTree = "<group>"; };
		C6453CFD1E305CDC0074A130 /* Post.swift */ = {isa = PBXFileReference; fileEncoding = 4; lastKnownFileType = sourcecode.swift; path = Post.swift; sourceTree = "<group>"; };
		C6453CFF1E305D2B0074A130 /* Response.swift */ = {isa = PBXFileReference; fileEncoding = 4; lastKnownFileType = sourcecode.swift; path = Response.swift; sourceTree = "<group>"; };
		C6453D011E3288B90074A130 /* ScoringVC.swift */ = {isa = PBXFileReference; fileEncoding = 4; lastKnownFileType = sourcecode.swift; path = ScoringVC.swift; sourceTree = "<group>"; };
		C6453D031E3296E90074A130 /* PostCell.swift */ = {isa = PBXFileReference; fileEncoding = 4; lastKnownFileType = sourcecode.swift; path = PostCell.swift; sourceTree = "<group>"; };
		C6C7ADAED02B2D48906D358E /* Pods_firstsecond.framework */ = {isa = PBXFileReference; explicitFileType = wrapper.framework; includeInIndex = 0; path = Pods_firstsecond.framework; sourceTree = BUILT_PRODUCTS_DIR; };
/* End PBXFileReference section */

/* Begin PBXFrameworksBuildPhase section */
		C6453CA41E23F1EA0074A130 /* Frameworks */ = {
			isa = PBXFrameworksBuildPhase;
			buildActionMask = 2147483647;
			files = (
				91BB5964EB1F1426CE54E880 /* Pods_firstsecond.framework in Frameworks */,
			);
			runOnlyForDeploymentPostprocessing = 0;
		};
/* End PBXFrameworksBuildPhase section */

/* Begin PBXGroup section */
		8F54EDFF8536291BB297011C /* Pods */ = {
			isa = PBXGroup;
			children = (
				1B041B0F8E22D042EEF7C334 /* Pods-firstsecond.debug.xcconfig */,
				349EA8284F7209956273D867 /* Pods-firstsecond.release.xcconfig */,
			);
			name = Pods;
			sourceTree = "<group>";
		};
		C6453C9E1E23F1E90074A130 = {
			isa = PBXGroup;
			children = (
				C6453CBC1E23F3D70074A130 /* GoogleService-Info.plist */,
				C6453CA91E23F1EA0074A130 /* firstsecond */,
				C6453CA81E23F1EA0074A130 /* Products */,
				8F54EDFF8536291BB297011C /* Pods */,
				E447B71CC0ABFEB6D247EA4F /* Frameworks */,
			);
			sourceTree = "<group>";
		};
		C6453CA81E23F1EA0074A130 /* Products */ = {
			isa = PBXGroup;
			children = (
				C6453CA71E23F1EA0074A130 /* firstsecond.app */,
			);
			name = Products;
			sourceTree = "<group>";
		};
		C6453CA91E23F1EA0074A130 /* firstsecond */ = {
			isa = PBXGroup;
			children = (
				C6453CC21E23F85F0074A130 /* Services */,
				C6453CC11E23F8450074A130 /* Protocols */,
				C6453CC01E23F8240074A130 /* Controller */,
				C6453CBF1E23F8190074A130 /* View */,
				C6453CBE1E23F8020074A130 /* Model */,
				C6453CAA1E23F1EA0074A130 /* AppDelegate.swift */,
				C6453CAE1E23F1EA0074A130 /* Main.storyboard */,
				C6453CB11E23F1EA0074A130 /* Assets.xcassets */,
				C6453CB31E23F1EA0074A130 /* LaunchScreen.storyboard */,
				C6453CB61E23F1EA0074A130 /* Info.plist */,
			);
			path = firstsecond;
			sourceTree = "<group>";
		};
		C6453CBE1E23F8020074A130 /* Model */ = {
			isa = PBXGroup;
			children = (
				C6453CD11E23F9C40074A130 /* User.swift */,
				C6453CFD1E305CDC0074A130 /* Post.swift */,
				C6453CFF1E305D2B0074A130 /* Response.swift */,
			);
			name = Model;
			sourceTree = "<group>";
		};
		C6453CBF1E23F8190074A130 /* View */ = {
			isa = PBXGroup;
			children = (
				C6453CD71E23FAD50074A130 /* PreviewView.swift */,
				C6453CC71E23F9540074A130 /* RoundTextField.swift */,
				C6453CC81E23F9540074A130 /* RoundedButton.swift */,
				C6453CC91E23F9540074A130 /* UserCell.swift */,
				C6453D031E3296E90074A130 /* PostCell.swift */,
				C60061B41E341AA30073DD4D /* CircleImageView.swift */,
				C60061B61E3421BD0073DD4D /* ScoreLabel.swift */,
			);
			name = View;
			sourceTree = "<group>";
		};
		C6453CC01E23F8240074A130 /* Controller */ = {
			isa = PBXGroup;
			children = (
				C6453CD31E23FAA70074A130 /* CameraViewController.swift */,
				C6453CD41E23FAA70074A130 /* PhotoCaptureDelegate.swift */,
				C6453CCD1E23F9850074A130 /* LoginVC.swift */,
				C6453CCE1E23F9850074A130 /* PostVC.swift */,
				C6453CFB1E2847790074A130 /* SettingsVC.swift */,
				C6453D011E3288B90074A130 /* ScoringVC.swift */,
			);
			name = Controller;
			sourceTree = "<group>";
		};
		C6453CC11E23F8450074A130 /* Protocols */ = {
			isa = PBXGroup;
			children = (
			);
			name = Protocols;
			sourceTree = "<group>";
		};
		C6453CC21E23F85F0074A130 /* Services */ = {
			isa = PBXGroup;
			children = (
				C6453CC31E23F8B90074A130 /* AuthService.swift */,
				C6453CC41E23F8B90074A130 /* DataService.swift */,
			);
			name = Services;
			sourceTree = "<group>";
		};
		E447B71CC0ABFEB6D247EA4F /* Frameworks */ = {
			isa = PBXGroup;
			children = (
				C6C7ADAED02B2D48906D358E /* Pods_firstsecond.framework */,
			);
			name = Frameworks;
			sourceTree = "<group>";
		};
/* End PBXGroup section */

/* Begin PBXNativeTarget section */
		C6453CA61E23F1EA0074A130 /* firstsecond */ = {
			isa = PBXNativeTarget;
			buildConfigurationList = C6453CB91E23F1EA0074A130 /* Build configuration list for PBXNativeTarget "firstsecond" */;
			buildPhases = (
				CA93605F70BF05BA43F989EA /* [CP] Check Pods Manifest.lock */,
				C6453CA31E23F1EA0074A130 /* Sources */,
				C6453CA41E23F1EA0074A130 /* Frameworks */,
				C6453CA51E23F1EA0074A130 /* Resources */,
				CE1B1BBA8336ED0B5CA57D0D /* [CP] Embed Pods Frameworks */,
				1DC12CF8E5C9AE1AF1B9B9B3 /* [CP] Copy Pods Resources */,
			);
			buildRules = (
			);
			dependencies = (
			);
			name = firstsecond;
			productName = firstsecond;
			productReference = C6453CA71E23F1EA0074A130 /* firstsecond.app */;
			productType = "com.apple.product-type.application";
		};
/* End PBXNativeTarget section */

/* Begin PBXProject section */
		C6453C9F1E23F1E90074A130 /* Project object */ = {
			isa = PBXProject;
			attributes = {
				LastSwiftUpdateCheck = 0820;
				LastUpgradeCheck = 0820;
				ORGANIZATIONNAME = "Johnson Tsay";
				TargetAttributes = {
					C6453CA61E23F1EA0074A130 = {
						CreatedOnToolsVersion = 8.2.1;
						DevelopmentTeam = 32X58CZFYQ;
						ProvisioningStyle = Automatic;
					};
				};
			};
			buildConfigurationList = C6453CA21E23F1E90074A130 /* Build configuration list for PBXProject "firstsecond" */;
			compatibilityVersion = "Xcode 3.2";
			developmentRegion = English;
			hasScannedForEncodings = 0;
			knownRegions = (
				en,
				Base,
			);
			mainGroup = C6453C9E1E23F1E90074A130;
			productRefGroup = C6453CA81E23F1EA0074A130 /* Products */;
			projectDirPath = "";
			projectRoot = "";
			targets = (
				C6453CA61E23F1EA0074A130 /* firstsecond */,
			);
		};
/* End PBXProject section */

/* Begin PBXResourcesBuildPhase section */
		C6453CA51E23F1EA0074A130 /* Resources */ = {
			isa = PBXResourcesBuildPhase;
			buildActionMask = 2147483647;
			files = (
				C6453CB51E23F1EA0074A130 /* LaunchScreen.storyboard in Resources */,
				C6453CBD1E23F3D70074A130 /* GoogleService-Info.plist in Resources */,
				C6453CB21E23F1EA0074A130 /* Assets.xcassets in Resources */,
				C6453CB01E23F1EA0074A130 /* Main.storyboard in Resources */,
			);
			runOnlyForDeploymentPostprocessing = 0;
		};
/* End PBXResourcesBuildPhase section */

/* Begin PBXShellScriptBuildPhase section */
		1DC12CF8E5C9AE1AF1B9B9B3 /* [CP] Copy Pods Resources */ = {
			isa = PBXShellScriptBuildPhase;
			buildActionMask = 2147483647;
			files = (
			);
			inputPaths = (
			);
			name = "[CP] Copy Pods Resources";
			outputPaths = (
			);
			runOnlyForDeploymentPostprocessing = 0;
			shellPath = /bin/sh;
			shellScript = "\"${SRCROOT}/Pods/Target Support Files/Pods-firstsecond/Pods-firstsecond-resources.sh\"\n";
			showEnvVarsInLog = 0;
		};
		CA93605F70BF05BA43F989EA /* [CP] Check Pods Manifest.lock */ = {
			isa = PBXShellScriptBuildPhase;
			buildActionMask = 2147483647;
			files = (
			);
			inputPaths = (
			);
			name = "[CP] Check Pods Manifest.lock";
			outputPaths = (
			);
			runOnlyForDeploymentPostprocessing = 0;
			shellPath = /bin/sh;
			shellScript = "diff \"${PODS_ROOT}/../Podfile.lock\" \"${PODS_ROOT}/Manifest.lock\" > /dev/null\nif [ $? != 0 ] ; then\n    # print error to STDERR\n    echo \"error: The sandbox is not in sync with the Podfile.lock. Run 'pod install' or update your CocoaPods installation.\" >&2\n    exit 1\nfi\n";
			showEnvVarsInLog = 0;
		};
		CE1B1BBA8336ED0B5CA57D0D /* [CP] Embed Pods Frameworks */ = {
			isa = PBXShellScriptBuildPhase;
			buildActionMask = 2147483647;
			files = (
			);
			inputPaths = (
			);
			name = "[CP] Embed Pods Frameworks";
			outputPaths = (
			);
			runOnlyForDeploymentPostprocessing = 0;
			shellPath = /bin/sh;
			shellScript = "\"${SRCROOT}/Pods/Target Support Files/Pods-firstsecond/Pods-firstsecond-frameworks.sh\"\n";
			showEnvVarsInLog = 0;
		};
/* End PBXShellScriptBuildPhase section */

/* Begin PBXSourcesBuildPhase section */
		C6453CA31E23F1EA0074A130 /* Sources */ = {
			isa = PBXSourcesBuildPhase;
			buildActionMask = 2147483647;
			files = (
				C6453D041E3296E90074A130 /* PostCell.swift in Sources */,
				C6453CFC1E2847790074A130 /* SettingsVC.swift in Sources */,
				C6453CD81E23FAD50074A130 /* PreviewView.swift in Sources */,
				C6453CD51E23FAA70074A130 /* CameraViewController.swift in Sources */,
				C6453CC51E23F8B90074A130 /* AuthService.swift in Sources */,
				C60061B71E3421BD0073DD4D /* ScoreLabel.swift in Sources */,
				C6453D001E305D2B0074A130 /* Response.swift in Sources */,
				C6453CCB1E23F9540074A130 /* RoundedButton.swift in Sources */,
				C6453CFE1E305CDD0074A130 /* Post.swift in Sources */,
				C6453CCF1E23F9850074A130 /* LoginVC.swift in Sources */,
				C6453D021E3288C80074A130 /* ScoringVC.swift in Sources */,
				C60061B51E341AA30073DD4D /* CircleImageView.swift in Sources */,
				C6453CCA1E23F9540074A130 /* RoundTextField.swift in Sources */,
				C6453CD61E23FAA70074A130 /* PhotoCaptureDelegate.swift in Sources */,
				C6453CAB1E23F1EA0074A130 /* AppDelegate.swift in Sources */,
				C6453CC61E23F8B90074A130 /* DataService.swift in Sources */,
				C6453CCC1E23F9540074A130 /* UserCell.swift in Sources */,
				C6453CD21E23F9C40074A130 /* User.swift in Sources */,
				C6453CD01E23F9850074A130 /* PostVC.swift in Sources */,
			);
			runOnlyForDeploymentPostprocessing = 0;
		};
/* End PBXSourcesBuildPhase section */

/* Begin PBXVariantGroup section */
		C6453CAE1E23F1EA0074A130 /* Main.storyboard */ = {
			isa = PBXVariantGroup;
			children = (
				C6453CAF1E23F1EA0074A130 /* Base */,
			);
			name = Main.storyboard;
			sourceTree = "<group>";
		};
		C6453CB31E23F1EA0074A130 /* LaunchScreen.storyboard */ = {
			isa = PBXVariantGroup;
			children = (
				C6453CB41E23F1EA0074A130 /* Base */,
			);
			name = LaunchScreen.storyboard;
			sourceTree = "<group>";
		};
/* End PBXVariantGroup section */

/* Begin XCBuildConfiguration section */
		C6453CB71E23F1EA0074A130 /* Debug */ = {
			isa = XCBuildConfiguration;
			buildSettings = {
				ALWAYS_SEARCH_USER_PATHS = NO;
				CLANG_ANALYZER_NONNULL = YES;
				CLANG_CXX_LANGUAGE_STANDARD = "gnu++0x";
				CLANG_CXX_LIBRARY = "libc++";
				CLANG_ENABLE_MODULES = YES;
				CLANG_ENABLE_OBJC_ARC = YES;
				CLANG_WARN_BOOL_CONVERSION = YES;
				CLANG_WARN_CONSTANT_CONVERSION = YES;
				CLANG_WARN_DIRECT_OBJC_ISA_USAGE = YES_ERROR;
				CLANG_WARN_DOCUMENTATION_COMMENTS = YES;
				CLANG_WARN_EMPTY_BODY = YES;
				CLANG_WARN_ENUM_CONVERSION = YES;
				CLANG_WARN_INFINITE_RECURSION = YES;
				CLANG_WARN_INT_CONVERSION = YES;
				CLANG_WARN_OBJC_ROOT_CLASS = YES_ERROR;
				CLANG_WARN_SUSPICIOUS_MOVE = YES;
				CLANG_WARN_UNREACHABLE_CODE = YES;
				CLANG_WARN__DUPLICATE_METHOD_MATCH = YES;
				"CODE_SIGN_IDENTITY[sdk=iphoneos*]" = "iPhone Developer";
				COPY_PHASE_STRIP = NO;
				DEBUG_INFORMATION_FORMAT = dwarf;
				ENABLE_STRICT_OBJC_MSGSEND = YES;
				ENABLE_TESTABILITY = YES;
				GCC_C_LANGUAGE_STANDARD = gnu99;
				GCC_DYNAMIC_NO_PIC = NO;
				GCC_NO_COMMON_BLOCKS = YES;
				GCC_OPTIMIZATION_LEVEL = 0;
				GCC_PREPROCESSOR_DEFINITIONS = (
					"DEBUG=1",
					"$(inherited)",
				);
				GCC_WARN_64_TO_32_BIT_CONVERSION = YES;
				GCC_WARN_ABOUT_RETURN_TYPE = YES_ERROR;
				GCC_WARN_UNDECLARED_SELECTOR = YES;
				GCC_WARN_UNINITIALIZED_AUTOS = YES_AGGRESSIVE;
				GCC_WARN_UNUSED_FUNCTION = YES;
				GCC_WARN_UNUSED_VARIABLE = YES;
				IPHONEOS_DEPLOYMENT_TARGET = 10.2;
				MTL_ENABLE_DEBUG_INFO = YES;
				ONLY_ACTIVE_ARCH = YES;
				SDKROOT = iphoneos;
				SWIFT_ACTIVE_COMPILATION_CONDITIONS = DEBUG;
				SWIFT_OPTIMIZATION_LEVEL = "-Onone";
				TARGETED_DEVICE_FAMILY = "1,2";
			};
			name = Debug;
		};
		C6453CB81E23F1EA0074A130 /* Release */ = {
			isa = XCBuildConfiguration;
			buildSettings = {
				ALWAYS_SEARCH_USER_PATHS = NO;
				CLANG_ANALYZER_NONNULL = YES;
				CLANG_CXX_LANGUAGE_STANDARD = "gnu++0x";
				CLANG_CXX_LIBRARY = "libc++";
				CLANG_ENABLE_MODULES = YES;
				CLANG_ENABLE_OBJC_ARC = YES;
				CLANG_WARN_BOOL_CONVERSION = YES;
				CLANG_WARN_CONSTANT_CONVERSION = YES;
				CLANG_WARN_DIRECT_OBJC_ISA_USAGE = YES_ERROR;
				CLANG_WARN_DOCUMENTATION_COMMENTS = YES;
				CLANG_WARN_EMPTY_BODY = YES;
				CLANG_WARN_ENUM_CONVERSION = YES;
				CLANG_WARN_INFINITE_RECURSION = YES;
				CLANG_WARN_INT_CONVERSION = YES;
				CLANG_WARN_OBJC_ROOT_CLASS = YES_ERROR;
				CLANG_WARN_SUSPICIOUS_MOVE = YES;
				CLANG_WARN_UNREACHABLE_CODE = YES;
				CLANG_WARN__DUPLICATE_METHOD_MATCH = YES;
				"CODE_SIGN_IDENTITY[sdk=iphoneos*]" = "iPhone Developer";
				COPY_PHASE_STRIP = NO;
				DEBUG_INFORMATION_FORMAT = "dwarf-with-dsym";
				ENABLE_NS_ASSERTIONS = NO;
				ENABLE_STRICT_OBJC_MSGSEND = YES;
				GCC_C_LANGUAGE_STANDARD = gnu99;
				GCC_NO_COMMON_BLOCKS = YES;
				GCC_WARN_64_TO_32_BIT_CONVERSION = YES;
				GCC_WARN_ABOUT_RETURN_TYPE = YES_ERROR;
				GCC_WARN_UNDECLARED_SELECTOR = YES;
				GCC_WARN_UNINITIALIZED_AUTOS = YES_AGGRESSIVE;
				GCC_WARN_UNUSED_FUNCTION = YES;
				GCC_WARN_UNUSED_VARIABLE = YES;
				IPHONEOS_DEPLOYMENT_TARGET = 10.2;
				MTL_ENABLE_DEBUG_INFO = NO;
				SDKROOT = iphoneos;
				SWIFT_OPTIMIZATION_LEVEL = "-Owholemodule";
				TARGETED_DEVICE_FAMILY = "1,2";
				VALIDATE_PRODUCT = YES;
			};
			name = Release;
		};
		C6453CBA1E23F1EA0074A130 /* Debug */ = {
			isa = XCBuildConfiguration;
			baseConfigurationReference = 1B041B0F8E22D042EEF7C334 /* Pods-firstsecond.debug.xcconfig */;
			buildSettings = {
				ASSETCATALOG_COMPILER_APPICON_NAME = AppIcon;
				DEVELOPMENT_TEAM = 32X58CZFYQ;
				INFOPLIST_FILE = firstsecond/Info.plist;
				IPHONEOS_DEPLOYMENT_TARGET = 10.0;
				LD_RUNPATH_SEARCH_PATHS = "$(inherited) @executable_path/Frameworks";
				PRODUCT_BUNDLE_IDENTIFIER = com.jtsay.firstsecond;
				PRODUCT_NAME = "$(TARGET_NAME)";
				SWIFT_VERSION = 3.0;
			};
			name = Debug;
		};
		C6453CBB1E23F1EA0074A130 /* Release */ = {
			isa = XCBuildConfiguration;
			baseConfigurationReference = 349EA8284F7209956273D867 /* Pods-firstsecond.release.xcconfig */;
			buildSettings = {
				ASSETCATALOG_COMPILER_APPICON_NAME = AppIcon;
				DEVELOPMENT_TEAM = 32X58CZFYQ;
				INFOPLIST_FILE = firstsecond/Info.plist;
				IPHONEOS_DEPLOYMENT_TARGET = 10.0;
				LD_RUNPATH_SEARCH_PATHS = "$(inherited) @executable_path/Frameworks";
				PRODUCT_BUNDLE_IDENTIFIER = com.jtsay.firstsecond;
				PRODUCT_NAME = "$(TARGET_NAME)";
				SWIFT_VERSION = 3.0;
			};
			name = Release;
		};
/* End XCBuildConfiguration section */

/* Begin XCConfigurationList section */
		C6453CA21E23F1E90074A130 /* Build configuration list for PBXProject "firstsecond" */ = {
			isa = XCConfigurationList;
			buildConfigurations = (
				C6453CB71E23F1EA0074A130 /* Debug */,
				C6453CB81E23F1EA0074A130 /* Release */,
			);
			defaultConfigurationIsVisible = 0;
			defaultConfigurationName = Release;
		};
		C6453CB91E23F1EA0074A130 /* Build configuration list for PBXNativeTarget "firstsecond" */ = {
			isa = XCConfigurationList;
			buildConfigurations = (
				C6453CBA1E23F1EA0074A130 /* Debug */,
				C6453CBB1E23F1EA0074A130 /* Release */,
			);
			defaultConfigurationIsVisible = 0;
			defaultConfigurationName = Release;
		};
/* End XCConfigurationList section */
	};
	rootObject = C6453C9F1E23F1E90074A130 /* Project object */;
}
